
Microsoft Visual Studio Solution File, Format Version 12.00
# Visual Studio 14
VisualStudioVersion = 14.0.25420.1
MinimumVisualStudioVersion = 10.0.40219.1
Project("{8BC9CEB8-8B4A-11D0-8D11-00A0C91BC942}") = "opensor_reconflow", "opensor_reconflow\opensor_reconflow.vcxproj", "{4BD93FBC-F0F6-4C88-9830-04C76CBD22F3}"
EndProject
Project("{8BC9CEB8-8B4A-11D0-8D11-00A0C91BC942}") = "test_opensor_reconflow", "test_opensor_reconflow\test_opensor_reconflow.vcxproj", "{F8AB6194-99A7-4ECC-870C-11E0D2F5CF79}"
EndProject
Project("{8BC9CEB8-8B4A-11D0-8D11-00A0C91BC942}") = "opensor_camerapose", "opensor_camerapose\opensor_camerapose.vcxproj", "{34468BE9-4267-4D1F-BF83-6B49406DB6F2}"
EndProject
Global
	GlobalSection(SolutionConfigurationPlatforms) = preSolution
		Debug|x64 = Debug|x64
		Debug|x86 = Debug|x86
		Release|x64 = Release|x64
		Release|x86 = Release|x86
	EndGlobalSection
	GlobalSection(ProjectConfigurationPlatforms) = postSolution
		{4BD93FBC-F0F6-4C88-9830-04C76CBD22F3}.Debug|x64.ActiveCfg = Debug|x64
		{4BD93FBC-F0F6-4C88-9830-04C76CBD22F3}.Debug|x64.Build.0 = Debug|x64
		{4BD93FBC-F0F6-4C88-9830-04C76CBD22F3}.Debug|x86.ActiveCfg = Debug|Win32
		{4BD93FBC-F0F6-4C88-9830-04C76CBD22F3}.Debug|x86.Build.0 = Debug|Win32
		{4BD93FBC-F0F6-4C88-9830-04C76CBD22F3}.Release|x64.ActiveCfg = Release|x64
		{4BD93FBC-F0F6-4C88-9830-04C76CBD22F3}.Release|x64.Build.0 = Release|x64
		{4BD93FBC-F0F6-4C88-9830-04C76CBD22F3}.Release|x86.ActiveCfg = Release|Win32
		{4BD93FBC-F0F6-4C88-9830-04C76CBD22F3}.Release|x86.Build.0 = Release|Win32
		{F8AB6194-99A7-4ECC-870C-11E0D2F5CF79}.Debug|x64.ActiveCfg = Debug|x64
		{F8AB6194-99A7-4ECC-870C-11E0D2F5CF79}.Debug|x64.Build.0 = Debug|x64
		{F8AB6194-99A7-4ECC-870C-11E0D2F5CF79}.Debug|x86.ActiveCfg = Debug|Win32
		{F8AB6194-99A7-4ECC-870C-11E0D2F5CF79}.Debug|x86.Build.0 = Debug|Win32
		{F8AB6194-99A7-4ECC-870C-11E0D2F5CF79}.Release|x64.ActiveCfg = Release|x64
		{F8AB6194-99A7-4ECC-870C-11E0D2F5CF79}.Release|x64.Build.0 = Release|x64
		{F8AB6194-99A7-4ECC-870C-11E0D2F5CF79}.Release|x86.ActiveCfg = Release|Win32
		{F8AB6194-99A7-4ECC-870C-11E0D2F5CF79}.Release|x86.Build.0 = Release|Win32
		{34468BE9-4267-4D1F-BF83-6B49406DB6F2}.Debug|x64.ActiveCfg = Debug|x64
		{34468BE9-4267-4D1F-BF83-6B49406DB6F2}.Debug|x64.Build.0 = Debug|x64
		{34468BE9-4267-4D1F-BF83-6B49406DB6F2}.Debug|x86.ActiveCfg = Debug|Win32
		{34468BE9-4267-4D1F-BF83-6B49406DB6F2}.Debug|x86.Build.0 = Debug|Win32
		{34468BE9-4267-4D1F-BF83-6B49406DB6F2}.Release|x64.ActiveCfg = Release|x64
		{34468BE9-4267-4D1F-BF83-6B49406DB6F2}.Release|x64.Build.0 = Release|x64
		{34468BE9-4267-4D1F-BF83-6B49406DB6F2}.Release|x86.ActiveCfg = Release|Win32
		{34468BE9-4267-4D1F-BF83-6B49406DB6F2}.Release|x86.Build.0 = Release|Win32
	EndGlobalSection
	GlobalSection(SolutionProperties) = preSolution
		HideSolutionNode = FALSE
	EndGlobalSection
EndGlobal
